
Microsoft Visual Studio Solution File, Format Version 12.00
# Visual Studio Version 16
VisualStudioVersion = 16.0.31911.196
MinimumVisualStudioVersion = 10.0.40219.1
Project("{FAE04EC0-301F-11D3-BF4B-00C04F79EFBC}") = "SampleProblems", "SampleProblems\SampleProblems.csproj", "{3FB94A6E-DFC9-45F2-9D13-BE8ABF19A81A}"
EndProject
Global
	GlobalSection(SolutionConfigurationPlatforms) = preSolution
		Debug|Any CPU = Debug|Any CPU
		Release|Any CPU = Release|Any CPU
	EndGlobalSection
	GlobalSection(ProjectConfigurationPlatforms) = postSolution
		{3FB94A6E-DFC9-45F2-9D13-BE8ABF19A81A}.Debug|Any CPU.ActiveCfg = Debug|Any CPU
		{3FB94A6E-DFC9-45F2-9D13-BE8ABF19A81A}.Debug|Any CPU.Build.0 = Debug|Any CPU
		{3FB94A6E-DFC9-45F2-9D13-BE8ABF19A81A}.Release|Any CPU.ActiveCfg = Release|Any CPU
		{3FB94A6E-DFC9-45F2-9D13-BE8ABF19A81A}.Release|Any CPU.Build.0 = Release|Any CPU
	EndGlobalSection
	GlobalSection(SolutionProperties) = preSolution
		HideSolutionNode = FALSE
	EndGlobalSection
	GlobalSection(ExtensibilityGlobals) = postSolution
		SolutionGuid = {B9C1724B-5316-4E50-92AB-BCA012359D12}
	EndGlobalSection
EndGlobal
